github.com/Servora-Kit/servora v0.1.4 h1:mxPBe1JLG2yxqLuCOMCJdKQruGeYxXz5Ydhs0givfb0=
github.com/Servora-Kit/servora v0.1.4/go.mod h1:k/+dzannGZjAA+R/tJ5j0BuruPaIUzhYPrSVuji68VI=
github.com/Servora-Kit/servora v0.1.5 h1:L0afAwb13y1B84AZKUjnPKqpeS98wvnSm01L86cqGUc=
github.com/Servora-Kit/servora v0.1.5/go.mod h1:IuX9Ha0MHASBYLitcVhSrICTM3LItazFXqn/JB9sKSI=
